// !$*UTF8*$!
{
	archiveVersion = 1;
	classes = {
	};
	objectVersion = 46;
	objects = {

/* Begin PBXBuildFile section */
		F20042E41CE8ABFB0073AC03 /* CSPickerView.m in Sources */ = {isa = PBXBuildFile; fileRef = F20042E31CE8ABFB0073AC03 /* CSPickerView.m */; };
		F2F6B6BC1CE75FE200C8BABA /* AppDelegate.swift in Sources */ = {isa = PBXBuildFile; fileRef = F2F6B6BB1CE75FE200C8BABA /* AppDelegate.swift */; };
		F2F6B6BE1CE75FE200C8BABA /* ViewController.swift in Sources */ = {isa = PBXBuildFile; fileRef = F2F6B6BD1CE75FE200C8BABA /* ViewController.swift */; };
		F2F6B6C11CE75FE200C8BABA /* Main.storyboard in Resources */ = {isa = PBXBuildFile; fileRef = F2F6B6BF1CE75FE200C8BABA /* Main.storyboard */; };
		F2F6B6C31CE75FE200C8BABA /* Assets.xcassets in Resources */ = {isa = PBXBuildFile; fileRef = F2F6B6C21CE75FE200C8BABA /* Assets.xcassets */; };
		F2F6B6C61CE75FE200C8BABA /* LaunchScreen.storyboard in Resources */ = {isa = PBXBuildFile; fileRef = F2F6B6C41CE75FE200C8BABA /* LaunchScreen.storyboard */; };
/* End PBXBuildFile section */

/* Begin PBXFileReference section */
		F20042E21CE8ABFB0073AC03 /* CSPickerView.h */ = {isa = PBXFileReference; fileEncoding = 4; lastKnownFileType = sourcecode.c.h; path = CSPickerView.h; sourceTree = "<group>"; };
		F20042E31CE8ABFB0073AC03 /* CSPickerView.m */ = {isa = PBXFileReference; fileEncoding = 4; lastKnownFileType = sourcecode.c.objc; path = CSPickerView.m; sourceTree = "<group>"; };
		F2F6B6B81CE75FE200C8BABA /* pickerkViewSwift.app */ = {isa = PBXFileReference; explicitFileType = wrapper.application; includeInIndex = 0; path = pickerkViewSwift.app; sourceTree = BUILT_PRODUCTS_DIR; };
		F2F6B6BB1CE75FE200C8BABA /* AppDelegate.swift */ = {isa = PBXFileReference; lastKnownFileType = sourcecode.swift; path = AppDelegate.swift; sourceTree = "<group>"; };
		F2F6B6BD1CE75FE200C8BABA /* ViewController.swift */ = {isa = PBXFileReference; lastKnownFileType = sourcecode.swift; path = ViewController.swift; sourceTree = "<group>"; };
		F2F6B6C01CE75FE200C8BABA /* Base */ = {isa = PBXFileReference; lastKnownFileType = file.storyboard; name = Base; path = Base.lproj/Main.storyboard; sourceTree = "<group>"; };
		F2F6B6C21CE75FE200C8BABA /* Assets.xcassets */ = {isa = PBXFileReference; lastKnownFileType = folder.assetcatalog; path = Assets.xcassets; sourceTree = "<group>"; };
		F2F6B6C51CE75FE200C8BABA /* Base */ = {isa = PBXFileReference; lastKnownFileType = file.storyboard; name = Base; path = Base.lproj/LaunchScreen.storyboard; sourceTree = "<group>"; };
		F2F6B6C71CE75FE200C8BABA /* Info.plist */ = {isa = PBXFileReference; lastKnownFileType = text.plist.xml; path = Info.plist; sourceTree = "<group>"; };
		F2F6B6CF1CE765E500C8BABA /* pickerkViewSwift-Bridging-Header.h */ = {isa = PBXFileReference; lastKnownFileType = sourcecode.c.h; path = "pickerkViewSwift-Bridging-Header.h"; sourceTree = "<group>"; };
/* End PBXFileReference section */

/* Begin PBXFrameworksBuildPhase section */
		F2F6B6B51CE75FE100C8BABA /* Frameworks */ = {
			isa = PBXFrameworksBuildPhase;
			buildActionMask = 2147483647;
			files = (
			);
			runOnlyForDeploymentPostprocessing = 0;
		};
/* End PBXFrameworksBuildPhase section */

/* Begin PBXGroup section */
		F2F6B6AF1CE75FE100C8BABA = {
			isa = PBXGroup;
			children = (
				F2F6B6BA1CE75FE200C8BABA /* pickerkViewSwift */,
				F2F6B6B91CE75FE200C8BABA /* Products */,
			);
			sourceTree = "<group>";
		};
		F2F6B6B91CE75FE200C8BABA /* Products */ = {
			isa = PBXGroup;
			children = (
				F2F6B6B81CE75FE200C8BABA /* pickerkViewSwift.app */,
			);
			name = Products;
			sourceTree = "<group>";
		};
		F2F6B6BA1CE75FE200C8BABA /* pickerkViewSwift */ = {
			isa = PBXGroup;
			children = (
				F20042E21CE8ABFB0073AC03 /* CSPickerView.h */,
				F20042E31CE8ABFB0073AC03 /* CSPickerView.m */,
				F2F6B6BB1CE75FE200C8BABA /* AppDelegate.swift */,
				F2F6B6BD1CE75FE200C8BABA /* ViewController.swift */,
				F2F6B6BF1CE75FE200C8BABA /* Main.storyboard */,
				F2F6B6C21CE75FE200C8BABA /* Assets.xcassets */,
				F2F6B6C41CE75FE200C8BABA /* LaunchScreen.storyboard */,
				F2F6B6C71CE75FE200C8BABA /* Info.plist */,
				F2F6B6CF1CE765E500C8BABA /* pickerkViewSwift-Bridging-Header.h */,
			);
			path = pickerkViewSwift;
			sourceTree = "<group>";
		};
/* End PBXGroup section */

/* Begin PBXNativeTarget section */
		F2F6B6B71CE75FE100C8BABA /* pickerkViewSwift */ = {
			isa = PBXNativeTarget;
			buildConfigurationList = F2F6B6CA1CE75FE200C8BABA /* Build configuration list for PBXNativeTarget "pickerkViewSwift" */;
			buildPhases = (
				F2F6B6B41CE75FE100C8BABA /* Sources */,
				F2F6B6B51CE75FE100C8BABA /* Frameworks */,
				F2F6B6B61CE75FE100C8BABA /* Resources */,
			);
			buildRules = (
			);
			dependencies = (
			);
			name = pickerkViewSwift;
			productName = pickerkViewSwift;
			productReference = F2F6B6B81CE75FE200C8BABA /* pickerkViewSwift.app */;
			productType = "com.apple.product-type.application";
		};
/* End PBXNativeTarget section */

/* Begin PBXProject section */
		F2F6B6B01CE75FE100C8BABA /* Project object */ = {
			isa = PBXProject;
			attributes = {
				LastSwiftUpdateCheck = 0730;
				LastUpgradeCheck = 0730;
				ORGANIZATIONNAME = quy;
				TargetAttributes = {
					F2F6B6B71CE75FE100C8BABA = {
						CreatedOnToolsVersion = 7.3.1;
					};
				};
			};
			buildConfigurationList = F2F6B6B31CE75FE100C8BABA /* Build configuration list for PBXProject "pickerkViewSwift" */;
			compatibilityVersion = "Xcode 3.2";
			developmentRegion = English;
			hasScannedForEncodings = 0;
			knownRegions = (
				en,
				Base,
			);
			mainGroup = F2F6B6AF1CE75FE100C8BABA;
			productRefGroup = F2F6B6B91CE75FE200C8BABA /* Products */;
			projectDirPath = "";
			projectRoot = "";
			targets = (
				F2F6B6B71CE75FE100C8BABA /* pickerkViewSwift */,
			);
		};
/* End PBXProject section */

/* Begin PBXResourcesBuildPhase section */
		F2F6B6B61CE75FE100C8BABA /* Resources */ = {
			isa = PBXResourcesBuildPhase;
			buildActionMask = 2147483647;
			files = (
				F2F6B6C61CE75FE200C8BABA /* LaunchScreen.storyboard in Resources */,
				F2F6B6C31CE75FE200C8BABA /* Assets.xcassets in Resources */,
				F2F6B6C11CE75FE200C8BABA /* Main.storyboard in Resources */,
			);
			runOnlyForDeploymentPostprocessing = 0;
		};
/* End PBXResourcesBuildPhase section */

/* Begin PBXSourcesBuildPhase section */
		F2F6B6B41CE75FE100C8BABA /* Sources */ = {
			isa = PBXSourcesBuildPhase;
			buildActionMask = 2147483647;
			files = (
				F20042E41CE8ABFB0073AC03 /* CSPickerView.m in Sources */,
				F2F6B6BE1CE75FE200C8BABA /* ViewController.swift in Sources */,
				F2F6B6BC1CE75FE200C8BABA /* AppDelegate.swift in Sources */,
			);
			runOnlyForDeploymentPostprocessing = 0;
		};
/* End PBXSourcesBuildPhase section */

/* Begin PBXVariantGroup section */
		F2F6B6BF1CE75FE200C8BABA /* Main.storyboard */ = {
			isa = PBXVariantGroup;
			children = (
				F2F6B6C01CE75FE200C8BABA /* Base */,
			);
			name = Main.storyboard;
			sourceTree = "<group>";
		};
		F2F6B6C41CE75FE200C8BABA /* LaunchScreen.storyboard */ = {
			isa = PBXVariantGroup;
			children = (
				F2F6B6C51CE75FE200C8BABA /* Base */,
			);
			name = LaunchScreen.storyboard;
			sourceTree = "<group>";
		};
/* End PBXVariantGroup section */

/* Begin XCBuildConfiguration section */
		F2F6B6C81CE75FE200C8BABA /* Debug */ = {
			isa = XCBuildConfiguration;
			buildSettings = {
				ALWAYS_SEARCH_USER_PATHS = NO;
				CLANG_ANALYZER_NONNULL = YES;
				CLANG_CXX_LANGUAGE_STANDARD = "gnu++0x";
				CLANG_CXX_LIBRARY = "libc++";
				CLANG_ENABLE_MODULES = YES;
				CLANG_ENABLE_OBJC_ARC = YES;
				CLANG_WARN_BOOL_CONVERSION = YES;
				CLANG_WARN_CONSTANT_CONVERSION = YES;
				CLANG_WARN_DIRECT_OBJC_ISA_USAGE = YES_ERROR;
				CLANG_WARN_EMPTY_BODY = YES;
				CLANG_WARN_ENUM_CONVERSION = YES;
				CLANG_WARN_INT_CONVERSION = YES;
				CLANG_WARN_OBJC_ROOT_CLASS = YES_ERROR;
				CLANG_WARN_UNREACHABLE_CODE = YES;
				CLANG_WARN__DUPLICATE_METHOD_MATCH = YES;
				"CODE_SIGN_IDENTITY[sdk=iphoneos*]" = "iPhone Developer";
				COPY_PHASE_STRIP = NO;
				DEBUG_INFORMATION_FORMAT = dwarf;
				ENABLE_STRICT_OBJC_MSGSEND = YES;
				ENABLE_TESTABILITY = YES;
				GCC_C_LANGUAGE_STANDARD = gnu99;
				GCC_DYNAMIC_NO_PIC = NO;
				GCC_NO_COMMON_BLOCKS = YES;
				GCC_OPTIMIZATION_LEVEL = 0;
				GCC_PREPROCESSOR_DEFINITIONS = (
					"DEBUG=1",
					"$(inherited)",
				);
				GCC_WARN_64_TO_32_BIT_CONVERSION = YES;
				GCC_WARN_ABOUT_RETURN_TYPE = YES_ERROR;
				GCC_WARN_UNDECLARED_SELECTOR = YES;
				GCC_WARN_UNINITIALIZED_AUTOS = YES_AGGRESSIVE;
				GCC_WARN_UNUSED_FUNCTION = YES;
				GCC_WARN_UNUSED_VARIABLE = YES;
				IPHONEOS_DEPLOYMENT_TARGET = 9.3;
				MTL_ENABLE_DEBUG_INFO = YES;
				ONLY_ACTIVE_ARCH = YES;
				SDKROOT = iphoneos;
				SWIFT_OPTIMIZATION_LEVEL = "-Onone";
			};
			name = Debug;
		};
		F2F6B6C91CE75FE200C8BABA /* Release */ = {
			isa = XCBuildConfiguration;
			buildSettings = {
				ALWAYS_SEARCH_USER_PATHS = NO;
				CLANG_ANALYZER_NONNULL = YES;
				CLANG_CXX_LANGUAGE_STANDARD = "gnu++0x";
				CLANG_CXX_LIBRARY = "libc++";
				CLANG_ENABLE_MODULES = YES;
				CLANG_ENABLE_OBJC_ARC = YES;
				CLANG_WARN_BOOL_CONVERSION = YES;
				CLANG_WARN_CONSTANT_CONVERSION = YES;
				CLANG_WARN_DIRECT_OBJC_ISA_USAGE = YES_ERROR;
				CLANG_WARN_EMPTY_BODY = YES;
				CLANG_WARN_ENUM_CONVERSION = YES;
				CLANG_WARN_INT_CONVERSION = YES;
				CLANG_WARN_OBJC_ROOT_CLASS = YES_ERROR;
				CLANG_WARN_UNREACHABLE_CODE = YES;
				CLANG_WARN__DUPLICATE_METHOD_MATCH = YES;
				"CODE_SIGN_IDENTITY[sdk=iphoneos*]" = "iPhone Developer";
				COPY_PHASE_STRIP = NO;
				DEBUG_INFORMATION_FORMAT = "dwarf-with-dsym";
				ENABLE_NS_ASSERTIONS = NO;
				ENABLE_STRICT_OBJC_MSGSEND = YES;
				GCC_C_LANGUAGE_STANDARD = gnu99;
				GCC_NO_COMMON_BLOCKS = YES;
				GCC_WARN_64_TO_32_BIT_CONVERSION = YES;
				GCC_WARN_ABOUT_RETURN_TYPE = YES_ERROR;
				GCC_WARN_UNDECLARED_SELECTOR = YES;
				GCC_WARN_UNINITIALIZED_AUTOS = YES_AGGRESSIVE;
				GCC_WARN_UNUSED_FUNCTION = YES;
				GCC_WARN_UNUSED_VARIABLE = YES;
				IPHONEOS_DEPLOYMENT_TARGET = 9.3;
				MTL_ENABLE_DEBUG_INFO = NO;
				SDKROOT = iphoneos;
				VALIDATE_PRODUCT = YES;
			};
			name = Release;
		};
		F2F6B6CB1CE75FE200C8BABA /* Debug */ = {
			isa = XCBuildConfiguration;
			buildSettings = {
				ASSETCATALOG_COMPILER_APPICON_NAME = AppIcon;
				CLANG_ENABLE_MODULES = YES;
				INFOPLIST_FILE = pickerkViewSwift/Info.plist;
				LD_RUNPATH_SEARCH_PATHS = "$(inherited) @executable_path/Frameworks";
				PRODUCT_BUNDLE_IDENTIFIER = quy.home.pickerkViewSwift;
				PRODUCT_NAME = "$(TARGET_NAME)";
				SWIFT_OBJC_BRIDGING_HEADER = "pickerkViewSwift/pickerkViewSwift-Bridging-Header.h";
				SWIFT_OPTIMIZATION_LEVEL = "-Onone";
			};
			name = Debug;
		};
		F2F6B6CC1CE75FE200C8BABA /* Release */ = {
			isa = XCBuildConfiguration;
			buildSettings = {
				ASSETCATALOG_COMPILER_APPICON_NAME = AppIcon;
				CLANG_ENABLE_MODULES = YES;
				INFOPLIST_FILE = pickerkViewSwift/Info.plist;
				LD_RUNPATH_SEARCH_PATHS = "$(inherited) @executable_path/Frameworks";
				PRODUCT_BUNDLE_IDENTIFIER = quy.home.pickerkViewSwift;
				PRODUCT_NAME = "$(TARGET_NAME)";
				SWIFT_OBJC_BRIDGING_HEADER = "pickerkViewSwift/pickerkViewSwift-Bridging-Header.h";
			};
			name = Release;
		};
/* End XCBuildConfiguration section */

/* Begin XCConfigurationList section */
		F2F6B6B31CE75FE100C8BABA /* Build configuration list for PBXProject "pickerkViewSwift" */ = {
			isa = XCConfigurationList;
			buildConfigurations = (
				F2F6B6C81CE75FE200C8BABA /* Debug */,
				F2F6B6C91CE75FE200C8BABA /* Release */,
			);
			defaultConfigurationIsVisible = 0;
			defaultConfigurationName = Release;
		};
		F2F6B6CA1CE75FE200C8BABA /* Build configuration list for PBXNativeTarget "pickerkViewSwift" */ = {
			isa = XCConfigurationList;
			buildConfigurations = (
				F2F6B6CB1CE75FE200C8BABA /* Debug */,
				F2F6B6CC1CE75FE200C8BABA /* Release */,
			);
			defaultConfigurationIsVisible = 0;
			defaultConfigurationName = Release;
		};
/* End XCConfigurationList section */
	};
	rootObject = F2F6B6B01CE75FE100C8BABA /* Project object */;
}
